{
  "version": 4,
  "terraform_version": "1.12.2",
  "serial": 55,
  "lineage": "99822d8d-e217-dcb5-f97d-a14020925988",
  "outputs": {
    "kubeconfig_path": {
      "value": "modules/cluster/kubeconfig",
      "type": "string"
    }
  },
  "resources": [
    {
      "mode": "managed",
      "type": "kubernetes_namespace",
      "name": "tenant_a",
      "provider": "provider[\"registry.terraform.io/hashicorp/kubernetes\"]",
      "instances": [
        {
          "schema_version": 0,
          "attributes": {
            "id": "tenant-a",
            "metadata": [
              {
                "annotations": {},
                "generate_name": "",
                "generation": 0,
                "labels": {},
                "name": "tenant-a",
                "resource_version": "834",
                "uid": "82c914b1-62e5-4ef4-86ed-a9dc57af91fb"
              }
            ],
            "timeouts": null,
            "wait_for_default_service_account": false
          },
          "sensitive_attributes": [],
          "identity_schema_version": 0,
          "private": "eyJlMmJmYjczMC1lY2FhLTExZTYtOGY4OC0zNDM2M2JjN2M0YzAiOnsiZGVsZXRlIjozMDAwMDAwMDAwMDB9fQ=="
        }
      ]
    },
    {
      "mode": "managed",
      "type": "kubernetes_namespace",
      "name": "tenant_b",
      "provider": "provider[\"registry.terraform.io/hashicorp/kubernetes\"]",
      "instances": [
        {
          "schema_version": 0,
          "attributes": {
            "id": "tenant-b",
            "metadata": [
              {
                "annotations": {},
                "generate_name": "",
                "generation": 0,
                "labels": {},
                "name": "tenant-b",
                "resource_version": "835",
                "uid": "1c67cd25-f299-4c10-9776-b8d965629160"
              }
            ],
            "timeouts": null,
            "wait_for_default_service_account": false
          },
          "sensitive_attributes": [],
          "identity_schema_version": 0,
          "private": "eyJlMmJmYjczMC1lY2FhLTExZTYtOGY4OC0zNDM2M2JjN2M0YzAiOnsiZGVsZXRlIjozMDAwMDAwMDAwMDB9fQ=="
        }
      ]
    },
    {
      "mode": "managed",
      "type": "kubernetes_network_policy",
      "name": "tenant_a_allow_internal",
      "provider": "provider[\"registry.terraform.io/hashicorp/kubernetes\"]",
      "instances": [
        {
          "schema_version": 0,
          "attributes": {
            "id": "tenant-a/allow-internal",
            "metadata": [
              {
                "annotations": {},
                "generate_name": "",
                "generation": 1,
                "labels": {},
                "name": "allow-internal",
                "namespace": "tenant-a",
                "resource_version": "1188",
                "uid": "7ba285e3-af97-4e82-8f41-092142af30d1"
              }
            ],
            "spec": [
              {
                "egress": [
                  {
                    "ports": [],
                    "to": [
                      {
                        "ip_block": [],
                        "namespace_selector": [],
                        "pod_selector": [
                          {
                            "match_expressions": [],
                            "match_labels": null
                          }
                        ]
                      }
                    ]
                  }
                ],
                "ingress": [
                  {
                    "from": [
                      {
                        "ip_block": [],
                        "namespace_selector": [],
                        "pod_selector": [
                          {
                            "match_expressions": [],
                            "match_labels": null
                          }
                        ]
                      }
                    ],
                    "ports": []
                  }
                ],
                "pod_selector": [
                  {
                    "match_expressions": [],
                    "match_labels": null
                  }
                ],
                "policy_types": [
                  "Ingress",
                  "Egress"
                ]
              }
            ]
          },
          "sensitive_attributes": [],
          "identity_schema_version": 0,
          "private": "bnVsbA=="
        }
      ]
    },
    {
      "mode": "managed",
      "type": "kubernetes_network_policy",
      "name": "tenant_a_default_deny",
      "provider": "provider[\"registry.terraform.io/hashicorp/kubernetes\"]",
      "instances": [
        {
          "schema_version": 0,
          "attributes": {
            "id": "tenant-a/default-deny",
            "metadata": [
              {
                "annotations": {},
                "generate_name": "",
                "generation": 1,
                "labels": {},
                "name": "default-deny",
                "namespace": "tenant-a",
                "resource_version": "1185",
                "uid": "2052f8b6-db81-46f7-a04f-65ed84861add"
              }
            ],
            "spec": [
              {
                "egress": [],
                "ingress": [],
                "pod_selector": [
                  {
                    "match_expressions": [],
                    "match_labels": null
                  }
                ],
                "policy_types": [
                  "Ingress",
                  "Egress"
                ]
              }
            ]
          },
          "sensitive_attributes": [],
          "identity_schema_version": 0,
          "private": "bnVsbA=="
        }
      ]
    },
    {
      "mode": "managed",
      "type": "kubernetes_network_policy",
      "name": "tenant_b_allow_internal",
      "provider": "provider[\"registry.terraform.io/hashicorp/kubernetes\"]",
      "instances": [
        {
          "schema_version": 0,
          "attributes": {
            "id": "tenant-b/allow-internal",
            "metadata": [
              {
                "annotations": {},
                "generate_name": "",
                "generation": 1,
                "labels": {},
                "name": "allow-internal",
                "namespace": "tenant-b",
                "resource_version": "1186",
                "uid": "68543b53-afc0-45fd-885e-17deeda130a5"
              }
            ],
            "spec": [
              {
                "egress": [
                  {
                    "ports": [],
                    "to": [
                      {
                        "ip_block": [],
                        "namespace_selector": [],
                        "pod_selector": [
                          {
                            "match_expressions": [],
                            "match_labels": null
                          }
                        ]
                      }
                    ]
                  }
                ],
                "ingress": [
                  {
                    "from": [
                      {
                        "ip_block": [],
                        "namespace_selector": [],
                        "pod_selector": [
                          {
                            "match_expressions": [],
                            "match_labels": null
                          }
                        ]
                      }
                    ],
                    "ports": []
                  }
                ],
                "pod_selector": [
                  {
                    "match_expressions": [],
                    "match_labels": null
                  }
                ],
                "policy_types": [
                  "Ingress",
                  "Egress"
                ]
              }
            ]
          },
          "sensitive_attributes": [],
          "identity_schema_version": 0,
          "private": "bnVsbA=="
        }
      ]
    },
    {
      "mode": "managed",
      "type": "kubernetes_network_policy",
      "name": "tenant_b_default_deny",
      "provider": "provider[\"registry.terraform.io/hashicorp/kubernetes\"]",
      "instances": [
        {
          "schema_version": 0,
          "attributes": {
            "id": "tenant-b/default-deny",
            "metadata": [
              {
                "annotations": {},
                "generate_name": "",
                "generation": 1,
                "labels": {},
                "name": "default-deny",
                "namespace": "tenant-b",
                "resource_version": "1187",
                "uid": "356d9d90-8fb4-4ce1-9a82-4fe7393eb37b"
              }
            ],
            "spec": [
              {
                "egress": [],
                "ingress": [],
                "pod_selector": [
                  {
                    "match_expressions": [],
                    "match_labels": null
                  }
                ],
                "policy_types": [
                  "Ingress",
                  "Egress"
                ]
              }
            ]
          },
          "sensitive_attributes": [],
          "identity_schema_version": 0,
          "private": "bnVsbA=="
        }
      ]
    },
    {
      "mode": "managed",
      "type": "kubernetes_role",
      "name": "tenant_a_role",
      "provider": "provider[\"registry.terraform.io/hashicorp/kubernetes\"]",
      "instances": [
        {
          "schema_version": 0,
          "attributes": {
            "id": "tenant-a/tenant-a-role",
            "metadata": [
              {
                "annotations": {},
                "generate_name": "",
                "generation": 0,
                "labels": {},
                "name": "tenant-a-role",
                "namespace": "tenant-a",
                "resource_version": "1012",
                "uid": "8a1e3e57-4afb-4e26-9d74-88d71efae7d0"
              }
            ],
            "rule": [
              {
                "api_groups": [
                  ""
                ],
                "resource_names": [],
                "resources": [
                  "configmaps",
                  "endpoints",
                  "pods",
                  "secrets",
                  "services"
                ],
                "verbs": [
                  "create",
                  "delete",
                  "get",
                  "list",
                  "update",
                  "watch"
                ]
              },
              {
                "api_groups": [
                  "apps"
                ],
                "resource_names": [],
                "resources": [
                  "deployments"
                ],
                "verbs": [
                  "create",
                  "delete",
                  "get",
                  "list",
                  "update",
                  "watch"
                ]
              }
            ]
          },
          "sensitive_attributes": [],
          "identity_schema_version": 0,
          "private": "bnVsbA=="
        }
      ]
    },
    {
      "mode": "managed",
      "type": "kubernetes_role",
      "name": "tenant_b_role",
      "provider": "provider[\"registry.terraform.io/hashicorp/kubernetes\"]",
      "instances": [
        {
          "schema_version": 0,
          "attributes": {
            "id": "tenant-b/tenant-b-role",
            "metadata": [
              {
                "annotations": {},
                "generate_name": "",
                "generation": 0,
                "labels": {},
                "name": "tenant-b-role",
                "namespace": "tenant-b",
                "resource_version": "1011",
                "uid": "a702cbf4-161f-4ba3-beea-8635ee815c7b"
              }
            ],
            "rule": [
              {
                "api_groups": [
                  ""
                ],
                "resource_names": [],
                "resources": [
                  "configmaps",
                  "endpoints",
                  "pods",
                  "secrets",
                  "services"
                ],
                "verbs": [
                  "create",
                  "delete",
                  "get",
                  "list",
                  "update",
                  "watch"
                ]
              },
              {
                "api_groups": [
                  "apps"
                ],
                "resource_names": [],
                "resources": [
                  "deployments"
                ],
                "verbs": [
                  "create",
                  "delete",
                  "get",
                  "list",
                  "update",
                  "watch"
                ]
              }
            ]
          },
          "sensitive_attributes": [],
          "identity_schema_version": 0,
          "private": "bnVsbA=="
        }
      ]
    },
    {
      "mode": "managed",
      "type": "kubernetes_role_binding",
      "name": "tenant_a_rb",
      "provider": "provider[\"registry.terraform.io/hashicorp/kubernetes\"]",
      "instances": [
        {
          "schema_version": 0,
          "attributes": {
            "id": "tenant-a/tenant-a-rb",
            "metadata": [
              {
                "annotations": {},
                "generate_name": "",
                "generation": 0,
                "labels": {},
                "name": "tenant-a-rb",
                "namespace": "tenant-a",
                "resource_version": "1013",
                "uid": "136aaa89-3de8-48c9-9a46-791ccf75e452"
              }
            ],
            "role_ref": [
              {
                "api_group": "rbac.authorization.k8s.io",
                "kind": "Role",
                "name": "tenant-a-role"
              }
            ],
            "subject": [
              {
                "api_group": "",
                "kind": "ServiceAccount",
                "name": "tenant-a-sa",
                "namespace": "tenant-a"
              }
            ]
          },
          "sensitive_attributes": [],
          "identity_schema_version": 0,
          "private": "bnVsbA==",
          "dependencies": [
            "kubernetes_role.tenant_a_role",
            "kubernetes_service_account.tenant_a_sa"
          ]
        }
      ]
    },
    {
      "mode": "managed",
      "type": "kubernetes_role_binding",
      "name": "tenant_b_rb",
      "provider": "provider[\"registry.terraform.io/hashicorp/kubernetes\"]",
      "instances": [
        {
          "schema_version": 0,
          "attributes": {
            "id": "tenant-b/tenant-b-rb",
            "metadata": [
              {
                "annotations": {},
                "generate_name": "",
                "generation": 0,
                "labels": {},
                "name": "tenant-b-rb",
                "namespace": "tenant-b",
                "resource_version": "1014",
                "uid": "ba189a14-ed4b-4a7d-ae35-e3f242eaaefb"
              }
            ],
            "role_ref": [
              {
                "api_group": "rbac.authorization.k8s.io",
                "kind": "Role",
                "name": "tenant-b-role"
              }
            ],
            "subject": [
              {
                "api_group": "",
                "kind": "ServiceAccount",
                "name": "tenant-b-sa",
                "namespace": "tenant-b"
              }
            ]
          },
          "sensitive_attributes": [],
          "identity_schema_version": 0,
          "private": "bnVsbA==",
          "dependencies": [
            "kubernetes_role.tenant_b_role",
            "kubernetes_service_account.tenant_b_sa"
          ]
        }
      ]
    },
    {
      "mode": "managed",
      "type": "kubernetes_service_account",
      "name": "tenant_a_sa",
      "provider": "provider[\"registry.terraform.io/hashicorp/kubernetes\"]",
      "instances": [
        {
          "schema_version": 0,
          "attributes": {
            "automount_service_account_token": true,
            "default_secret_name": "",
            "id": "tenant-a/tenant-a-sa",
            "image_pull_secret": [],
            "metadata": [
              {
                "annotations": {},
                "generate_name": "",
                "generation": 0,
                "labels": {},
                "name": "tenant-a-sa",
                "namespace": "tenant-a",
                "resource_version": "1010",
                "uid": "da58786d-d92b-4ef8-906a-f2adfb60a08c"
              }
            ],
            "secret": [],
            "timeouts": null
          },
          "sensitive_attributes": [],
          "identity_schema_version": 0,
          "private": "eyJlMmJmYjczMC1lY2FhLTExZTYtOGY4OC0zNDM2M2JjN2M0YzAiOnsiY3JlYXRlIjozMDAwMDAwMDAwMH19"
        }
      ]
    },
    {
      "mode": "managed",
      "type": "kubernetes_service_account",
      "name": "tenant_b_sa",
      "provider": "provider[\"registry.terraform.io/hashicorp/kubernetes\"]",
      "instances": [
        {
          "schema_version": 0,
          "attributes": {
            "automount_service_account_token": true,
            "default_secret_name": "",
            "id": "tenant-b/tenant-b-sa",
            "image_pull_secret": [],
            "metadata": [
              {
                "annotations": {},
                "generate_name": "",
                "generation": 0,
                "labels": {},
                "name": "tenant-b-sa",
                "namespace": "tenant-b",
                "resource_version": "1009",
                "uid": "251e9e23-20be-442b-b852-fa2a6fb717a6"
              }
            ],
            "secret": [],
            "timeouts": null
          },
          "sensitive_attributes": [],
          "identity_schema_version": 0,
          "private": "eyJlMmJmYjczMC1lY2FhLTExZTYtOGY4OC0zNDM2M2JjN2M0YzAiOnsiY3JlYXRlIjozMDAwMDAwMDAwMH19"
        }
      ]
    },
    {
      "module": "module.cluster",
      "mode": "managed",
      "type": "null_resource",
      "name": "create_kind_cluster",
      "provider": "provider[\"registry.terraform.io/hashicorp/null\"]",
      "instances": [
        {
          "schema_version": 0,
          "attributes": {
            "id": "3425009329579494446",
            "triggers": null
          },
          "sensitive_attributes": [],
          "identity_schema_version": 0
        }
      ]
    },
    {
      "module": "module.storage",
      "mode": "managed",
      "type": "null_resource",
      "name": "install_minio",
      "provider": "provider[\"registry.terraform.io/hashicorp/null\"]",
      "instances": [
        {
          "status": "tainted",
          "schema_version": 0,
          "attributes": {
            "id": "4254576543853305117",
            "triggers": null
          },
          "sensitive_attributes": [],
          "identity_schema_version": 0
        }
      ]
    }
  ],
  "check_results": null
}
